# THIS IS AN AUTOGENERATED FILE. DO NOT EDIT THIS FILE DIRECTLY.
# yarn lockfile v1


"@now/node@^1.0.2":
  version "1.0.2"
  resolved "https://registry.yarnpkg.com/@now/node/-/node-1.0.2.tgz#484e595d992d52728f5b6e82c0310b5a7ceba851"
  integrity sha512-jGcpqOyQuxbYz0yBAV+Y5VTmuCF+geai1zOQPPKBNzsh+9j5Yoo8f0ImaGYkJeTQv19exKf3hHa5OcA4q4+5qg==
  dependencies:
    "@types/node" "*"

"@types/node@*":
  version "12.11.7"
  resolved "https://registry.yarnpkg.com/@types/node/-/node-12.11.7.tgz#57682a9771a3f7b09c2497f28129a0462966524a"
  integrity sha512-JNbGaHFCLwgHn/iCckiGSOZ1XYHsKFwREtzPwSGCVld1SGhOlmZw2D4ZI94HQCrBHbADzW9m4LER/8olJTRGHA==
